
Microsoft Visual Studio Solution File, Format Version 12.00
# Visual Studio Version 16
VisualStudioVersion = 16.0.31702.278
MinimumVisualStudioVersion = 10.0.40219.1
Project("{8BC9CEB8-8B4A-11D0-8D11-00A0C91BC942}") = "main", "main\main.vcxproj", "{A2DB6DE4-DB1F-4929-8A67-8A6A974242BB}"
EndProject
Project("{8BC9CEB8-8B4A-11D0-8D11-00A0C91BC942}") = "Lab_07L", "Lab_07L\Lab_07L.vcxproj", "{95815769-4EA5-4B6C-BC69-47535C88220C}"
EndProject
Global
	GlobalSection(SolutionConfigurationPlatforms) = preSolution
		Debug|x64 = Debug|x64
		Debug|x86 = Debug|x86
		Release|x64 = Release|x64
		Release|x86 = Release|x86
	EndGlobalSection
	GlobalSection(ProjectConfigurationPlatforms) = postSolution
		{A2DB6DE4-DB1F-4929-8A67-8A6A974242BB}.Debug|x64.ActiveCfg = Debug|x64
		{A2DB6DE4-DB1F-4929-8A67-8A6A974242BB}.Debug|x64.Build.0 = Debug|x64
		{A2DB6DE4-DB1F-4929-8A67-8A6A974242BB}.Debug|x86.ActiveCfg = Debug|Win32
		{A2DB6DE4-DB1F-4929-8A67-8A6A974242BB}.Debug|x86.Build.0 = Debug|Win32
		{A2DB6DE4-DB1F-4929-8A67-8A6A974242BB}.Release|x64.ActiveCfg = Release|x64
		{A2DB6DE4-DB1F-4929-8A67-8A6A974242BB}.Release|x64.Build.0 = Release|x64
		{A2DB6DE4-DB1F-4929-8A67-8A6A974242BB}.Release|x86.ActiveCfg = Release|Win32
		{A2DB6DE4-DB1F-4929-8A67-8A6A974242BB}.Release|x86.Build.0 = Release|Win32
		{95815769-4EA5-4B6C-BC69-47535C88220C}.Debug|x64.ActiveCfg = Debug|x64
		{95815769-4EA5-4B6C-BC69-47535C88220C}.Debug|x64.Build.0 = Debug|x64
		{95815769-4EA5-4B6C-BC69-47535C88220C}.Debug|x86.ActiveCfg = Debug|Win32
		{95815769-4EA5-4B6C-BC69-47535C88220C}.Debug|x86.Build.0 = Debug|Win32
		{95815769-4EA5-4B6C-BC69-47535C88220C}.Release|x64.ActiveCfg = Release|x64
		{95815769-4EA5-4B6C-BC69-47535C88220C}.Release|x64.Build.0 = Release|x64
		{95815769-4EA5-4B6C-BC69-47535C88220C}.Release|x86.ActiveCfg = Release|Win32
		{95815769-4EA5-4B6C-BC69-47535C88220C}.Release|x86.Build.0 = Release|Win32
	EndGlobalSection
	GlobalSection(SolutionProperties) = preSolution
		HideSolutionNode = FALSE
	EndGlobalSection
	GlobalSection(ExtensibilityGlobals) = postSolution
		SolutionGuid = {2AAE254C-A6E4-4B3B-9519-29073183ADA7}
	EndGlobalSection
EndGlobal
