
Microsoft Visual Studio Solution File, Format Version 12.00
# Visual Studio Version 16
VisualStudioVersion = 16.0.31702.278
MinimumVisualStudioVersion = 10.0.40219.1
Project("{8BC9CEB8-8B4A-11D0-8D11-00A0C91BC942}") = "Osnova", "Osnova\Osnova.vcxproj", "{6058AB9E-5C60-4EFC-BBC3-832B516A5998}"
EndProject
Project("{8BC9CEB8-8B4A-11D0-8D11-00A0C91BC942}") = "Dop_1", "Dop_1\Dop_1.vcxproj", "{F4F14912-8267-4296-9091-A9FE5A850753}"
EndProject
Project("{8BC9CEB8-8B4A-11D0-8D11-00A0C91BC942}") = "Dop_2", "Dop_2\Dop_2.vcxproj", "{0752230F-D562-4B70-BDF6-EB7FD7991466}"
EndProject
Global
	GlobalSection(SolutionConfigurationPlatforms) = preSolution
		Debug|x64 = Debug|x64
		Debug|x86 = Debug|x86
		Release|x64 = Release|x64
		Release|x86 = Release|x86
	EndGlobalSection
	GlobalSection(ProjectConfigurationPlatforms) = postSolution
		{6058AB9E-5C60-4EFC-BBC3-832B516A5998}.Debug|x64.ActiveCfg = Debug|x64
		{6058AB9E-5C60-4EFC-BBC3-832B516A5998}.Debug|x64.Build.0 = Debug|x64
		{6058AB9E-5C60-4EFC-BBC3-832B516A5998}.Debug|x86.ActiveCfg = Debug|Win32
		{6058AB9E-5C60-4EFC-BBC3-832B516A5998}.Debug|x86.Build.0 = Debug|Win32
		{6058AB9E-5C60-4EFC-BBC3-832B516A5998}.Release|x64.ActiveCfg = Release|x64
		{6058AB9E-5C60-4EFC-BBC3-832B516A5998}.Release|x64.Build.0 = Release|x64
		{6058AB9E-5C60-4EFC-BBC3-832B516A5998}.Release|x86.ActiveCfg = Release|Win32
		{6058AB9E-5C60-4EFC-BBC3-832B516A5998}.Release|x86.Build.0 = Release|Win32
		{F4F14912-8267-4296-9091-A9FE5A850753}.Debug|x64.ActiveCfg = Debug|x64
		{F4F14912-8267-4296-9091-A9FE5A850753}.Debug|x64.Build.0 = Debug|x64
		{F4F14912-8267-4296-9091-A9FE5A850753}.Debug|x86.ActiveCfg = Debug|Win32
		{F4F14912-8267-4296-9091-A9FE5A850753}.Debug|x86.Build.0 = Debug|Win32
		{F4F14912-8267-4296-9091-A9FE5A850753}.Release|x64.ActiveCfg = Release|x64
		{F4F14912-8267-4296-9091-A9FE5A850753}.Release|x64.Build.0 = Release|x64
		{F4F14912-8267-4296-9091-A9FE5A850753}.Release|x86.ActiveCfg = Release|Win32
		{F4F14912-8267-4296-9091-A9FE5A850753}.Release|x86.Build.0 = Release|Win32
		{0752230F-D562-4B70-BDF6-EB7FD7991466}.Debug|x64.ActiveCfg = Debug|x64
		{0752230F-D562-4B70-BDF6-EB7FD7991466}.Debug|x64.Build.0 = Debug|x64
		{0752230F-D562-4B70-BDF6-EB7FD7991466}.Debug|x86.ActiveCfg = Debug|Win32
		{0752230F-D562-4B70-BDF6-EB7FD7991466}.Debug|x86.Build.0 = Debug|Win32
		{0752230F-D562-4B70-BDF6-EB7FD7991466}.Release|x64.ActiveCfg = Release|x64
		{0752230F-D562-4B70-BDF6-EB7FD7991466}.Release|x64.Build.0 = Release|x64
		{0752230F-D562-4B70-BDF6-EB7FD7991466}.Release|x86.ActiveCfg = Release|Win32
		{0752230F-D562-4B70-BDF6-EB7FD7991466}.Release|x86.Build.0 = Release|Win32
	EndGlobalSection
	GlobalSection(SolutionProperties) = preSolution
		HideSolutionNode = FALSE
	EndGlobalSection
	GlobalSection(ExtensibilityGlobals) = postSolution
		SolutionGuid = {3277859B-CC6E-4F36-9A6D-0AA5A6F98DF7}
	EndGlobalSection
EndGlobal
